# This file is generated by running "yarn install" inside your project.
# Manual changes might be lost - proceed with caution!

__metadata:
  version: 5
  cacheKey: 8

"@progen/tsconfig@workspace:*, @progen/tsconfig@workspace:packages/@progen/tsconfig":
  version: 0.0.0-use.local
  resolution: "@progen/tsconfig@workspace:packages/@progen/tsconfig"
  dependencies:
    tsconfig-type: 1.21.0
  languageName: unknown
  linkType: soft

"@swc/core-android-arm-eabi@npm:1.2.133":
  version: 1.2.133
  resolution: "@swc/core-android-arm-eabi@npm:1.2.133"
  conditions: os=android & cpu=arm
  languageName: node
  linkType: hard

"@swc/core-android-arm64@npm:1.2.133":
  version: 1.2.133
  resolution: "@swc/core-android-arm64@npm:1.2.133"
  conditions: os=android & cpu=arm64
  languageName: node
  linkType: hard

"@swc/core-darwin-arm64@npm:1.2.133":
  version: 1.2.133
  resolution: "@swc/core-darwin-arm64@npm:1.2.133"
  conditions: os=darwin & cpu=arm64
  languageName: node
  linkType: hard

"@swc/core-darwin-x64@npm:1.2.133":
  version: 1.2.133
  resolution: "@swc/core-darwin-x64@npm:1.2.133"
  conditions: os=darwin & cpu=x64
  languageName: node
  linkType: hard

"@swc/core-freebsd-x64@npm:1.2.133":
  version: 1.2.133
  resolution: "@swc/core-freebsd-x64@npm:1.2.133"
  conditions: os=freebsd & cpu=x64
  languageName: node
  linkType: hard

"@swc/core-linux-arm-gnueabihf@npm:1.2.133":
  version: 1.2.133
  resolution: "@swc/core-linux-arm-gnueabihf@npm:1.2.133"
  conditions: os=linux & cpu=arm
  languageName: node
  linkType: hard

"@swc/core-linux-arm64-gnu@npm:1.2.133":
  version: 1.2.133
  resolution: "@swc/core-linux-arm64-gnu@npm:1.2.133"
  conditions: os=linux & cpu=arm64
  languageName: node
  linkType: hard

"@swc/core-linux-arm64-musl@npm:1.2.133":
  version: 1.2.133
  resolution: "@swc/core-linux-arm64-musl@npm:1.2.133"
  conditions: os=linux & cpu=arm64
  languageName: node
  linkType: hard

"@swc/core-linux-x64-gnu@npm:1.2.133":
  version: 1.2.133
  resolution: "@swc/core-linux-x64-gnu@npm:1.2.133"
  conditions: os=linux & cpu=x64
  languageName: node
  linkType: hard

"@swc/core-linux-x64-musl@npm:1.2.133":
  version: 1.2.133
  resolution: "@swc/core-linux-x64-musl@npm:1.2.133"
  conditions: os=linux & cpu=x64
  languageName: node
  linkType: hard

"@swc/core-win32-arm64-msvc@npm:1.2.133":
  version: 1.2.133
  resolution: "@swc/core-win32-arm64-msvc@npm:1.2.133"
  conditions: os=win32 & cpu=arm64
  languageName: node
  linkType: hard

"@swc/core-win32-ia32-msvc@npm:1.2.133":
  version: 1.2.133
  resolution: "@swc/core-win32-ia32-msvc@npm:1.2.133"
  conditions: os=win32 & cpu=ia32
  languageName: node
  linkType: hard

"@swc/core-win32-x64-msvc@npm:1.2.133":
  version: 1.2.133
  resolution: "@swc/core-win32-x64-msvc@npm:1.2.133"
  conditions: os=win32 & cpu=x64
  languageName: node
  linkType: hard

"@swc/core@npm:^1.2.133":
  version: 1.2.133
  resolution: "@swc/core@npm:1.2.133"
  dependencies:
    "@swc/core-android-arm-eabi": 1.2.133
    "@swc/core-android-arm64": 1.2.133
    "@swc/core-darwin-arm64": 1.2.133
    "@swc/core-darwin-x64": 1.2.133
    "@swc/core-freebsd-x64": 1.2.133
    "@swc/core-linux-arm-gnueabihf": 1.2.133
    "@swc/core-linux-arm64-gnu": 1.2.133
    "@swc/core-linux-arm64-musl": 1.2.133
    "@swc/core-linux-x64-gnu": 1.2.133
    "@swc/core-linux-x64-musl": 1.2.133
    "@swc/core-win32-arm64-msvc": 1.2.133
    "@swc/core-win32-ia32-msvc": 1.2.133
    "@swc/core-win32-x64-msvc": 1.2.133
  dependenciesMeta:
    "@swc/core-android-arm-eabi":
      optional: true
    "@swc/core-android-arm64":
      optional: true
    "@swc/core-darwin-arm64":
      optional: true
    "@swc/core-darwin-x64":
      optional: true
    "@swc/core-freebsd-x64":
      optional: true
    "@swc/core-linux-arm-gnueabihf":
      optional: true
    "@swc/core-linux-arm64-gnu":
      optional: true
    "@swc/core-linux-arm64-musl":
      optional: true
    "@swc/core-linux-x64-gnu":
      optional: true
    "@swc/core-linux-x64-musl":
      optional: true
    "@swc/core-win32-arm64-msvc":
      optional: true
    "@swc/core-win32-ia32-msvc":
      optional: true
    "@swc/core-win32-x64-msvc":
      optional: true
  checksum: cc2f28ce7f70e7d94491fef9ed75f3db564f0f00c54d6230e8acac466ec0301481a2bbde8c85daa03bbf9f796cabf11e57b27524495e8db6daa62cdd9bb3ad9b
  languageName: node
  linkType: hard

"@swc/register@npm:^0.1.9":
  version: 0.1.9
  resolution: "@swc/register@npm:0.1.9"
  dependencies:
    lodash.clonedeep: ^4.5.0
    pirates: ^4.0.1
    source-map-support: ^0.5.13
  peerDependencies:
    "@swc/core": ^1.0.46
  bin:
    swc-node: bin/swc-node
  checksum: 20518ec1944878907c739cf76fc07898710a77fabe7d9c9b7360db9705274acde8fce8285ee1b4a230c93309fec22cd4d03211a05f55afa13543ee578793f308
  languageName: node
  linkType: hard

"@types/node@npm:^17.0.10":
  version: 17.0.10
  resolution: "@types/node@npm:17.0.10"
  checksum: 979e83d642a2b4f18fa1a4233f884822c05abc7acd0836024aa964187f8446432b21f7913e72fe2b3927c4a811c27a0b6cd60ac7c4ac6a6762cfbab70782aa6a
  languageName: node
  linkType: hard

"basic-example@workspace:examples/basic":
  version: 0.0.0-use.local
  resolution: "basic-example@workspace:examples/basic"
  dependencies:
    "@progen/tsconfig": "workspace:*"
    progen: "workspace:*"
  languageName: unknown
  linkType: soft

"buffer-from@npm:^1.0.0":
  version: 1.1.2
  resolution: "buffer-from@npm:1.1.2"
  checksum: 0448524a562b37d4d7ed9efd91685a5b77a50672c556ea254ac9a6d30e3403a517d8981f10e565db24e8339413b43c97ca2951f10e399c6125a0d8911f5679bb
  languageName: node
  linkType: hard

"commander@npm:^8.3.0":
  version: 8.3.0
  resolution: "commander@npm:8.3.0"
  checksum: 0f82321821fc27b83bd409510bb9deeebcfa799ff0bf5d102128b500b7af22872c0c92cb6a0ebc5a4cf19c6b550fba9cedfa7329d18c6442a625f851377bacf0
  languageName: node
  linkType: hard

"esbuild-android-arm64@npm:0.14.13":
  version: 0.14.13
  resolution: "esbuild-android-arm64@npm:0.14.13"
  conditions: os=android & cpu=arm64
  languageName: node
  linkType: hard

"esbuild-darwin-64@npm:0.14.13":
  version: 0.14.13
  resolution: "esbuild-darwin-64@npm:0.14.13"
  conditions: os=darwin & cpu=x64
  languageName: node
  linkType: hard

"esbuild-darwin-arm64@npm:0.14.13":
  version: 0.14.13
  resolution: "esbuild-darwin-arm64@npm:0.14.13"
  conditions: os=darwin & cpu=arm64
  languageName: node
  linkType: hard

"esbuild-freebsd-64@npm:0.14.13":
  version: 0.14.13
  resolution: "esbuild-freebsd-64@npm:0.14.13"
  conditions: os=freebsd & cpu=x64
  languageName: node
  linkType: hard

"esbuild-freebsd-arm64@npm:0.14.13":
  version: 0.14.13
  resolution: "esbuild-freebsd-arm64@npm:0.14.13"
  conditions: os=freebsd & cpu=arm64
  languageName: node
  linkType: hard

"esbuild-linux-32@npm:0.14.13":
  version: 0.14.13
  resolution: "esbuild-linux-32@npm:0.14.13"
  conditions: os=linux & cpu=ia32
  languageName: node
  linkType: hard

"esbuild-linux-64@npm:0.14.13":
  version: 0.14.13
  resolution: "esbuild-linux-64@npm:0.14.13"
  conditions: os=linux & cpu=x64
  languageName: node
  linkType: hard

"esbuild-linux-arm64@npm:0.14.13":
  version: 0.14.13
  resolution: "esbuild-linux-arm64@npm:0.14.13"
  conditions: os=linux & cpu=arm64
  languageName: node
  linkType: hard

"esbuild-linux-arm@npm:0.14.13":
  version: 0.14.13
  resolution: "esbuild-linux-arm@npm:0.14.13"
  conditions: os=linux & cpu=arm
  languageName: node
  linkType: hard

"esbuild-linux-mips64le@npm:0.14.13":
  version: 0.14.13
  resolution: "esbuild-linux-mips64le@npm:0.14.13"
  conditions: os=linux & cpu=mips64el
  languageName: node
  linkType: hard

"esbuild-linux-ppc64le@npm:0.14.13":
  version: 0.14.13
  resolution: "esbuild-linux-ppc64le@npm:0.14.13"
  conditions: os=linux & cpu=ppc64
  languageName: node
  linkType: hard

"esbuild-linux-s390x@npm:0.14.13":
  version: 0.14.13
  resolution: "esbuild-linux-s390x@npm:0.14.13"
  conditions: os=linux & cpu=s390x
  languageName: node
  linkType: hard

"esbuild-netbsd-64@npm:0.14.13":
  version: 0.14.13
  resolution: "esbuild-netbsd-64@npm:0.14.13"
  conditions: os=netbsd & cpu=x64
  languageName: node
  linkType: hard

"esbuild-openbsd-64@npm:0.14.13":
  version: 0.14.13
  resolution: "esbuild-openbsd-64@npm:0.14.13"
  conditions: os=openbsd & cpu=x64
  languageName: node
  linkType: hard

"esbuild-register@npm:^3.3.2":
  version: 3.3.2
  resolution: "esbuild-register@npm:3.3.2"
  peerDependencies:
    esbuild: ">=0.12 <1"
  checksum: 94c353571b23f9a54d00e4551f03696c99b068699f6afaa2bed9cdf5247ec54536f50ea4c68572485904026a4fd374625418682fd240837895839aeba3f29ec2
  languageName: node
  linkType: hard

"esbuild-sunos-64@npm:0.14.13":
  version: 0.14.13
  resolution: "esbuild-sunos-64@npm:0.14.13"
  conditions: os=sunos & cpu=x64
  languageName: node
  linkType: hard

"esbuild-windows-32@npm:0.14.13":
  version: 0.14.13
  resolution: "esbuild-windows-32@npm:0.14.13"
  conditions: os=win32 & cpu=ia32
  languageName: node
  linkType: hard

"esbuild-windows-64@npm:0.14.13":
  version: 0.14.13
  resolution: "esbuild-windows-64@npm:0.14.13"
  conditions: os=win32 & cpu=x64
  languageName: node
  linkType: hard

"esbuild-windows-arm64@npm:0.14.13":
  version: 0.14.13
  resolution: "esbuild-windows-arm64@npm:0.14.13"
  conditions: os=win32 & cpu=arm64
  languageName: node
  linkType: hard

"esbuild@npm:^0.14.13":
  version: 0.14.13
  resolution: "esbuild@npm:0.14.13"
  dependencies:
    esbuild-android-arm64: 0.14.13
    esbuild-darwin-64: 0.14.13
    esbuild-darwin-arm64: 0.14.13
    esbuild-freebsd-64: 0.14.13
    esbuild-freebsd-arm64: 0.14.13
    esbuild-linux-32: 0.14.13
    esbuild-linux-64: 0.14.13
    esbuild-linux-arm: 0.14.13
    esbuild-linux-arm64: 0.14.13
    esbuild-linux-mips64le: 0.14.13
    esbuild-linux-ppc64le: 0.14.13
    esbuild-linux-s390x: 0.14.13
    esbuild-netbsd-64: 0.14.13
    esbuild-openbsd-64: 0.14.13
    esbuild-sunos-64: 0.14.13
    esbuild-windows-32: 0.14.13
    esbuild-windows-64: 0.14.13
    esbuild-windows-arm64: 0.14.13
  dependenciesMeta:
    esbuild-android-arm64:
      optional: true
    esbuild-darwin-64:
      optional: true
    esbuild-darwin-arm64:
      optional: true
    esbuild-freebsd-64:
      optional: true
    esbuild-freebsd-arm64:
      optional: true
    esbuild-linux-32:
      optional: true
    esbuild-linux-64:
      optional: true
    esbuild-linux-arm:
      optional: true
    esbuild-linux-arm64:
      optional: true
    esbuild-linux-mips64le:
      optional: true
    esbuild-linux-ppc64le:
      optional: true
    esbuild-linux-s390x:
      optional: true
    esbuild-netbsd-64:
      optional: true
    esbuild-openbsd-64:
      optional: true
    esbuild-sunos-64:
      optional: true
    esbuild-windows-32:
      optional: true
    esbuild-windows-64:
      optional: true
    esbuild-windows-arm64:
      optional: true
  bin:
    esbuild: bin/esbuild
  checksum: c2cb12942ac6fa6b628249cb46deb1eeb6202c7dfc69e6d1de5c9cbb90527f865e288511dc4d980b16422cf83e6a250678c367fbd7578a06367fd73f7c552ce8
  languageName: node
  linkType: hard

"lodash.clonedeep@npm:^4.5.0":
  version: 4.5.0
  resolution: "lodash.clonedeep@npm:4.5.0"
  checksum: 92c46f094b064e876a23c97f57f81fbffd5d760bf2d8a1c61d85db6d1e488c66b0384c943abee4f6af7debf5ad4e4282e74ff83177c9e63d8ff081a4837c3489
  languageName: node
  linkType: hard

"mono-repo@workspace:examples/mono-repo":
  version: 0.0.0-use.local
  resolution: "mono-repo@workspace:examples/mono-repo"
  dependencies:
    "@progen/tsconfig": "workspace:*"
    progen: "workspace:*"
  languageName: unknown
  linkType: soft

"node-http-loader@workspace:packages/node-http-loader":
  version: 0.0.0-use.local
  resolution: "node-http-loader@workspace:packages/node-http-loader"
  dependencies:
    undici: 4.12.2
  languageName: unknown
  linkType: soft

"pirates@npm:^4.0.1":
  version: 4.0.4
  resolution: "pirates@npm:4.0.4"
  checksum: 6b7187d526fd025a2b91e8fd289c78d88c4adc3ea947b9facbe9cb300a896b0ec00f3e77b36a043001695312a8debbf714453495283bd8a4eaad3bc0c38df425
  languageName: node
  linkType: hard

"progen@workspace:*, progen@workspace:packages/progen":
  version: 0.0.0-use.local
  resolution: "progen@workspace:packages/progen"
  dependencies:
    "@swc/core": ^1.2.133
    "@swc/register": ^0.1.9
    "@types/node": ^17.0.10
    commander: ^8.3.0
    esbuild: ^0.14.13
    esbuild-register: ^3.3.2
  bin:
    progen: ./bin/progen.cjs
  languageName: unknown
  linkType: soft

"root-workspace-0b6124@workspace:.":
  version: 0.0.0-use.local
  resolution: "root-workspace-0b6124@workspace:."
  dependencies:
    typescript: ^4.5.5
  languageName: unknown
  linkType: soft

"source-map-support@npm:^0.5.13":
  version: 0.5.21
  resolution: "source-map-support@npm:0.5.21"
  dependencies:
    buffer-from: ^1.0.0
    source-map: ^0.6.0
  checksum: 43e98d700d79af1d36f859bdb7318e601dfc918c7ba2e98456118ebc4c4872b327773e5a1df09b0524e9e5063bb18f0934538eace60cca2710d1fa687645d137
  languageName: node
  linkType: hard

"source-map@npm:^0.6.0":
  version: 0.6.1
  resolution: "source-map@npm:0.6.1"
  checksum: 59ce8640cf3f3124f64ac289012c2b8bd377c238e316fb323ea22fbfe83da07d81e000071d7242cad7a23cd91c7de98e4df8830ec3f133cb6133a5f6e9f67bc2
  languageName: node
  linkType: hard

"tsconfig-type@npm:1.21.0":
  version: 1.21.0
  resolution: "tsconfig-type@npm:1.21.0"
  checksum: 505b756933740d112d14576e8681b4a3aecafd4542df551a09e843f41e74d5320210615727b8d78d39fd77dfac5ec49fe7232b2d1c27d2544454cc4a8bc3a49c
  languageName: node
  linkType: hard

"typescript@npm:^4.5.5":
  version: 4.5.5
  resolution: "typescript@npm:4.5.5"
  bin:
    tsc: bin/tsc
    tsserver: bin/tsserver
  checksum: 506f4c919dc8aeaafa92068c997f1d213b9df4d9756d0fae1a1e7ab66b585ab3498050e236113a1c9e57ee08c21ec6814ca7a7f61378c058d79af50a4b1f5a5e
  languageName: node
  linkType: hard

"typescript@patch:typescript@^4.5.5#~builtin<compat/typescript>":
  version: 4.5.5
  resolution: "typescript@patch:typescript@npm%3A4.5.5#~builtin<compat/typescript>::version=4.5.5&hash=493e53"
  bin:
    tsc: bin/tsc
    tsserver: bin/tsserver
  checksum: c05c318d79c690f101d7ffb34cd6c7d6bbd884d3af9cefe7749ad0cd6be43c7082f098280982ca945dcba23fde34a08fed9602bb26540936baf8c0520727d3ba
  languageName: node
  linkType: hard

"undici@npm:4.12.2":
  version: 4.12.2
  resolution: "undici@npm:4.12.2"
  checksum: e53e144e96afdd097e3289f92ec9baad856dbe162cbb9c0e50b9105244cc7c0867cad3ef444274c78700b3ffc0a96603b26516f59a709008f8dd93eb1482567f
  languageName: node
  linkType: hard
